github.com/FoamScience/ODW v0.1.2 h1:BdXLY1HAP7c2YPseMhQD1ucdVeDjpwiTAyJ5GTMv9j0=
github.com/FoamScience/ODW v0.1.2/go.mod h1:SduI58YX9OAk20+W6Uf7H3jt22Ma6Bp5nn2o0wifCR8=
github.com/FortAwesome/Font-Awesome v0.0.0-20240716171331-37eff7fa00de/go.mod h1:IUgezN/MFpCDIlFezw3L8j83oeiIuYoj28Miwr/KUYo=
github.com/google/docsy v0.11.0/go.mod h1:hGGW0OjNuG5ZbH5JRtALY3yvN8ybbEP/v2iaK4bwOUI=
github.com/google/docsy/dependencies v0.7.2/go.mod h1:gihhs5gmgeO+wuoay4FwOzob+jYJVyQbNaQOh788lD4=
github.com/twbs/bootstrap v5.3.3+incompatible/go.mod h1:fZTSrkpSf0/HkL0IIJzvVspTt1r9zuf7XlZau8kpcY0=
